
Microsoft Visual Studio Solution File, Format Version 12.00
# Visual Studio 14
VisualStudioVersion = 14.0.25420.1
MinimumVisualStudioVersion = 10.0.40219.1
Project("{FAE04EC0-301F-11D3-BF4B-00C04F79EFBC}") = "TestMultArrayOperate", "src\TestMultArrayOperate\TestMultArrayOperate.csproj", "{76B42CEE-E1F8-4F93-B5BD-2A3843C9691B}"
EndProject
Project("{2150E333-8FDC-42A3-9474-1A3956D46DE8}") = "WindowsFormTesting", "WindowsFormTesting", "{2852990D-EA7B-4C60-91C9-A18086778975}"
EndProject
Project("{FAE04EC0-301F-11D3-BF4B-00C04F79EFBC}") = "LockTextboxWithPassword", "src\LockTextboxWithPassword\LockTextboxWithPassword.csproj", "{420254B7-E90C-414F-A0B0-A916F667F1CA}"
EndProject
Project("{FAE04EC0-301F-11D3-BF4B-00C04F79EFBC}") = "TestPassAndUnloadControl", "src\TestPassAndUnloadControl\TestPassAndUnloadControl.csproj", "{14A79EE3-FEF0-4EC0-8233-DC62D6C46427}"
EndProject
Project("{FAE04EC0-301F-11D3-BF4B-00C04F79EFBC}") = "TestPctbxZoomAndCppDll", "src\TestPctbxZoomAndCppDll\TestPctbxZoomAndCppDll.csproj", "{C96A2824-A13C-4CF5-A337-9D872E397C74}"
EndProject
Project("{FAE04EC0-301F-11D3-BF4B-00C04F79EFBC}") = "TestUserControl", "src\TestUserControl\TestUserControl.csproj", "{D600B82D-A170-4066-9075-04DE2DA006FF}"
EndProject
Project("{2150E333-8FDC-42A3-9474-1A3956D46DE8}") = "CSharpLoadCppDll", "CSharpLoadCppDll", "{0133BC83-DA4B-4CF0-BD8D-A99196C9C3EE}"
EndProject
Project("{FAE04EC0-301F-11D3-BF4B-00C04F79EFBC}") = "CSharpLoadCppDll", "src\CSharpLoadCppDll\CSharpLoadCppDll\CSharpLoadCppDll.csproj", "{645F2941-E99F-4AF2-968C-E3D8E0A88C56}"
EndProject
Project("{8BC9CEB8-8B4A-11D0-8D11-00A0C91BC942}") = "ManagementDll", "src\CSharpLoadCppDll\ManagementDll\ManagementDll.vcxproj", "{2EB86DD5-3414-459D-9DFC-935B6BACC65C}"
EndProject
Project("{FAE04EC0-301F-11D3-BF4B-00C04F79EFBC}") = "CompositePattern", "src\CompositePattern\CompositePattern.csproj", "{A9F9CD3B-FF8F-46C6-9600-AA9E9D9173E2}"
EndProject
Project("{FAE04EC0-301F-11D3-BF4B-00C04F79EFBC}") = "Async", "src\Async\Async.csproj", "{8463AB5C-C4CD-41B6-B13E-3C0A8750DDBA}"
EndProject
Project("{FAE04EC0-301F-11D3-BF4B-00C04F79EFBC}") = "CS_PicturePropertyTesting", "src\CS_PicturePropertyTesting\CS_PicturePropertyTesting.csproj", "{0ACC3D85-810A-47D2-9DDD-8E3494A6F066}"
EndProject
Project("{FAE04EC0-301F-11D3-BF4B-00C04F79EFBC}") = "CSharImgProcUsingIntptr", "src\CSharImgProcUsingIntptr\CSharImgProcUsingIntptr.csproj", "{8B503A5D-922E-4799-AD01-E30967269DE2}"
EndProject
Project("{FAE04EC0-301F-11D3-BF4B-00C04F79EFBC}") = "CSharpWriteAndReadXml", "src\CSharpWriteAndReadXml\CSharpWriteAndReadXml.csproj", "{6911D126-C2CE-45E9-B9B3-66AAD3CB9989}"
EndProject
Project("{FAE04EC0-301F-11D3-BF4B-00C04F79EFBC}") = "StatePatternForAOI", "src\StatePatternForAOI\StatePatternForAOI.csproj", "{3117E85C-9518-4B03-8C35-A0BC9A46E2C6}"
EndProject
Project("{FAE04EC0-301F-11D3-BF4B-00C04F79EFBC}") = "TestEventPassData", "src\TestEventPassData\TestEventPassData.csproj", "{B5459C00-42AA-4545-981F-4F2C60D53F2E}"
EndProject
Project("{FAE04EC0-301F-11D3-BF4B-00C04F79EFBC}") = "TestInterfAndAbstra", "src\TestInterfAndAbstra\TestInterfAndAbstra.csproj", "{63D94460-7435-481E-86B6-90A4E33CB22B}"
EndProject
Global
	GlobalSection(SolutionConfigurationPlatforms) = preSolution
		Debug|Any CPU = Debug|Any CPU
		Debug|x64 = Debug|x64
		Debug|x86 = Debug|x86
		Release|Any CPU = Release|Any CPU
		Release|x64 = Release|x64
		Release|x86 = Release|x86
	EndGlobalSection
	GlobalSection(ProjectConfigurationPlatforms) = postSolution
		{76B42CEE-E1F8-4F93-B5BD-2A3843C9691B}.Debug|Any CPU.ActiveCfg = Debug|Any CPU
		{76B42CEE-E1F8-4F93-B5BD-2A3843C9691B}.Debug|Any CPU.Build.0 = Debug|Any CPU
		{76B42CEE-E1F8-4F93-B5BD-2A3843C9691B}.Debug|x64.ActiveCfg = Debug|Any CPU
		{76B42CEE-E1F8-4F93-B5BD-2A3843C9691B}.Debug|x64.Build.0 = Debug|Any CPU
		{76B42CEE-E1F8-4F93-B5BD-2A3843C9691B}.Debug|x86.ActiveCfg = Debug|Any CPU
		{76B42CEE-E1F8-4F93-B5BD-2A3843C9691B}.Debug|x86.Build.0 = Debug|Any CPU
		{76B42CEE-E1F8-4F93-B5BD-2A3843C9691B}.Release|Any CPU.ActiveCfg = Release|Any CPU
		{76B42CEE-E1F8-4F93-B5BD-2A3843C9691B}.Release|Any CPU.Build.0 = Release|Any CPU
		{76B42CEE-E1F8-4F93-B5BD-2A3843C9691B}.Release|x64.ActiveCfg = Release|Any CPU
		{76B42CEE-E1F8-4F93-B5BD-2A3843C9691B}.Release|x64.Build.0 = Release|Any CPU
		{76B42CEE-E1F8-4F93-B5BD-2A3843C9691B}.Release|x86.ActiveCfg = Release|Any CPU
		{76B42CEE-E1F8-4F93-B5BD-2A3843C9691B}.Release|x86.Build.0 = Release|Any CPU
		{420254B7-E90C-414F-A0B0-A916F667F1CA}.Debug|Any CPU.ActiveCfg = Debug|Any CPU
		{420254B7-E90C-414F-A0B0-A916F667F1CA}.Debug|Any CPU.Build.0 = Debug|Any CPU
		{420254B7-E90C-414F-A0B0-A916F667F1CA}.Debug|x64.ActiveCfg = Debug|Any CPU
		{420254B7-E90C-414F-A0B0-A916F667F1CA}.Debug|x64.Build.0 = Debug|Any CPU
		{420254B7-E90C-414F-A0B0-A916F667F1CA}.Debug|x86.ActiveCfg = Debug|Any CPU
		{420254B7-E90C-414F-A0B0-A916F667F1CA}.Debug|x86.Build.0 = Debug|Any CPU
		{420254B7-E90C-414F-A0B0-A916F667F1CA}.Release|Any CPU.ActiveCfg = Release|Any CPU
		{420254B7-E90C-414F-A0B0-A916F667F1CA}.Release|Any CPU.Build.0 = Release|Any CPU
		{420254B7-E90C-414F-A0B0-A916F667F1CA}.Release|x64.ActiveCfg = Release|Any CPU
		{420254B7-E90C-414F-A0B0-A916F667F1CA}.Release|x64.Build.0 = Release|Any CPU
		{420254B7-E90C-414F-A0B0-A916F667F1CA}.Release|x86.ActiveCfg = Release|Any CPU
		{420254B7-E90C-414F-A0B0-A916F667F1CA}.Release|x86.Build.0 = Release|Any CPU
		{14A79EE3-FEF0-4EC0-8233-DC62D6C46427}.Debug|Any CPU.ActiveCfg = Debug|Any CPU
		{14A79EE3-FEF0-4EC0-8233-DC62D6C46427}.Debug|Any CPU.Build.0 = Debug|Any CPU
		{14A79EE3-FEF0-4EC0-8233-DC62D6C46427}.Debug|x64.ActiveCfg = Debug|Any CPU
		{14A79EE3-FEF0-4EC0-8233-DC62D6C46427}.Debug|x64.Build.0 = Debug|Any CPU
		{14A79EE3-FEF0-4EC0-8233-DC62D6C46427}.Debug|x86.ActiveCfg = Debug|Any CPU
		{14A79EE3-FEF0-4EC0-8233-DC62D6C46427}.Debug|x86.Build.0 = Debug|Any CPU
		{14A79EE3-FEF0-4EC0-8233-DC62D6C46427}.Release|Any CPU.ActiveCfg = Release|Any CPU
		{14A79EE3-FEF0-4EC0-8233-DC62D6C46427}.Release|Any CPU.Build.0 = Release|Any CPU
		{14A79EE3-FEF0-4EC0-8233-DC62D6C46427}.Release|x64.ActiveCfg = Release|Any CPU
		{14A79EE3-FEF0-4EC0-8233-DC62D6C46427}.Release|x64.Build.0 = Release|Any CPU
		{14A79EE3-FEF0-4EC0-8233-DC62D6C46427}.Release|x86.ActiveCfg = Release|Any CPU
		{14A79EE3-FEF0-4EC0-8233-DC62D6C46427}.Release|x86.Build.0 = Release|Any CPU
		{C96A2824-A13C-4CF5-A337-9D872E397C74}.Debug|Any CPU.ActiveCfg = Debug|Any CPU
		{C96A2824-A13C-4CF5-A337-9D872E397C74}.Debug|Any CPU.Build.0 = Debug|Any CPU
		{C96A2824-A13C-4CF5-A337-9D872E397C74}.Debug|x64.ActiveCfg = Debug|Any CPU
		{C96A2824-A13C-4CF5-A337-9D872E397C74}.Debug|x64.Build.0 = Debug|Any CPU
		{C96A2824-A13C-4CF5-A337-9D872E397C74}.Debug|x86.ActiveCfg = Debug|Any CPU
		{C96A2824-A13C-4CF5-A337-9D872E397C74}.Debug|x86.Build.0 = Debug|Any CPU
		{C96A2824-A13C-4CF5-A337-9D872E397C74}.Release|Any CPU.ActiveCfg = Release|Any CPU
		{C96A2824-A13C-4CF5-A337-9D872E397C74}.Release|Any CPU.Build.0 = Release|Any CPU
		{C96A2824-A13C-4CF5-A337-9D872E397C74}.Release|x64.ActiveCfg = Release|Any CPU
		{C96A2824-A13C-4CF5-A337-9D872E397C74}.Release|x64.Build.0 = Release|Any CPU
		{C96A2824-A13C-4CF5-A337-9D872E397C74}.Release|x86.ActiveCfg = Release|Any CPU
		{C96A2824-A13C-4CF5-A337-9D872E397C74}.Release|x86.Build.0 = Release|Any CPU
		{D600B82D-A170-4066-9075-04DE2DA006FF}.Debug|Any CPU.ActiveCfg = Debug|Any CPU
		{D600B82D-A170-4066-9075-04DE2DA006FF}.Debug|Any CPU.Build.0 = Debug|Any CPU
		{D600B82D-A170-4066-9075-04DE2DA006FF}.Debug|x64.ActiveCfg = Debug|x64
		{D600B82D-A170-4066-9075-04DE2DA006FF}.Debug|x64.Build.0 = Debug|x64
		{D600B82D-A170-4066-9075-04DE2DA006FF}.Debug|x86.ActiveCfg = Debug|x86
		{D600B82D-A170-4066-9075-04DE2DA006FF}.Debug|x86.Build.0 = Debug|x86
		{D600B82D-A170-4066-9075-04DE2DA006FF}.Release|Any CPU.ActiveCfg = Release|Any CPU
		{D600B82D-A170-4066-9075-04DE2DA006FF}.Release|Any CPU.Build.0 = Release|Any CPU
		{D600B82D-A170-4066-9075-04DE2DA006FF}.Release|x64.ActiveCfg = Release|x64
		{D600B82D-A170-4066-9075-04DE2DA006FF}.Release|x64.Build.0 = Release|x64
		{D600B82D-A170-4066-9075-04DE2DA006FF}.Release|x86.ActiveCfg = Release|x86
		{D600B82D-A170-4066-9075-04DE2DA006FF}.Release|x86.Build.0 = Release|x86
		{645F2941-E99F-4AF2-968C-E3D8E0A88C56}.Debug|Any CPU.ActiveCfg = Debug|Any CPU
		{645F2941-E99F-4AF2-968C-E3D8E0A88C56}.Debug|Any CPU.Build.0 = Debug|Any CPU
		{645F2941-E99F-4AF2-968C-E3D8E0A88C56}.Debug|x64.ActiveCfg = Debug|Any CPU
		{645F2941-E99F-4AF2-968C-E3D8E0A88C56}.Debug|x64.Build.0 = Debug|Any CPU
		{645F2941-E99F-4AF2-968C-E3D8E0A88C56}.Debug|x86.ActiveCfg = Debug|Any CPU
		{645F2941-E99F-4AF2-968C-E3D8E0A88C56}.Debug|x86.Build.0 = Debug|Any CPU
		{645F2941-E99F-4AF2-968C-E3D8E0A88C56}.Release|Any CPU.ActiveCfg = Release|Any CPU
		{645F2941-E99F-4AF2-968C-E3D8E0A88C56}.Release|Any CPU.Build.0 = Release|Any CPU
		{645F2941-E99F-4AF2-968C-E3D8E0A88C56}.Release|x64.ActiveCfg = Release|Any CPU
		{645F2941-E99F-4AF2-968C-E3D8E0A88C56}.Release|x64.Build.0 = Release|Any CPU
		{645F2941-E99F-4AF2-968C-E3D8E0A88C56}.Release|x86.ActiveCfg = Release|Any CPU
		{645F2941-E99F-4AF2-968C-E3D8E0A88C56}.Release|x86.Build.0 = Release|Any CPU
		{2EB86DD5-3414-459D-9DFC-935B6BACC65C}.Debug|Any CPU.ActiveCfg = Debug|Win32
		{2EB86DD5-3414-459D-9DFC-935B6BACC65C}.Debug|x64.ActiveCfg = Debug|x64
		{2EB86DD5-3414-459D-9DFC-935B6BACC65C}.Debug|x64.Build.0 = Debug|x64
		{2EB86DD5-3414-459D-9DFC-935B6BACC65C}.Debug|x86.ActiveCfg = Debug|Win32
		{2EB86DD5-3414-459D-9DFC-935B6BACC65C}.Debug|x86.Build.0 = Debug|Win32
		{2EB86DD5-3414-459D-9DFC-935B6BACC65C}.Release|Any CPU.ActiveCfg = Release|Win32
		{2EB86DD5-3414-459D-9DFC-935B6BACC65C}.Release|x64.ActiveCfg = Release|x64
		{2EB86DD5-3414-459D-9DFC-935B6BACC65C}.Release|x64.Build.0 = Release|x64
		{2EB86DD5-3414-459D-9DFC-935B6BACC65C}.Release|x86.ActiveCfg = Release|Win32
		{2EB86DD5-3414-459D-9DFC-935B6BACC65C}.Release|x86.Build.0 = Release|Win32
		{A9F9CD3B-FF8F-46C6-9600-AA9E9D9173E2}.Debug|Any CPU.ActiveCfg = Debug|Any CPU
		{A9F9CD3B-FF8F-46C6-9600-AA9E9D9173E2}.Debug|Any CPU.Build.0 = Debug|Any CPU
		{A9F9CD3B-FF8F-46C6-9600-AA9E9D9173E2}.Debug|x64.ActiveCfg = Debug|Any CPU
		{A9F9CD3B-FF8F-46C6-9600-AA9E9D9173E2}.Debug|x64.Build.0 = Debug|Any CPU
		{A9F9CD3B-FF8F-46C6-9600-AA9E9D9173E2}.Debug|x86.ActiveCfg = Debug|Any CPU
		{A9F9CD3B-FF8F-46C6-9600-AA9E9D9173E2}.Debug|x86.Build.0 = Debug|Any CPU
		{A9F9CD3B-FF8F-46C6-9600-AA9E9D9173E2}.Release|Any CPU.ActiveCfg = Release|Any CPU
		{A9F9CD3B-FF8F-46C6-9600-AA9E9D9173E2}.Release|Any CPU.Build.0 = Release|Any CPU
		{A9F9CD3B-FF8F-46C6-9600-AA9E9D9173E2}.Release|x64.ActiveCfg = Release|Any CPU
		{A9F9CD3B-FF8F-46C6-9600-AA9E9D9173E2}.Release|x64.Build.0 = Release|Any CPU
		{A9F9CD3B-FF8F-46C6-9600-AA9E9D9173E2}.Release|x86.ActiveCfg = Release|Any CPU
		{A9F9CD3B-FF8F-46C6-9600-AA9E9D9173E2}.Release|x86.Build.0 = Release|Any CPU
		{8463AB5C-C4CD-41B6-B13E-3C0A8750DDBA}.Debug|Any CPU.ActiveCfg = Debug|Any CPU
		{8463AB5C-C4CD-41B6-B13E-3C0A8750DDBA}.Debug|Any CPU.Build.0 = Debug|Any CPU
		{8463AB5C-C4CD-41B6-B13E-3C0A8750DDBA}.Debug|x64.ActiveCfg = Debug|Any CPU
		{8463AB5C-C4CD-41B6-B13E-3C0A8750DDBA}.Debug|x64.Build.0 = Debug|Any CPU
		{8463AB5C-C4CD-41B6-B13E-3C0A8750DDBA}.Debug|x86.ActiveCfg = Debug|Any CPU
		{8463AB5C-C4CD-41B6-B13E-3C0A8750DDBA}.Debug|x86.Build.0 = Debug|Any CPU
		{8463AB5C-C4CD-41B6-B13E-3C0A8750DDBA}.Release|Any CPU.ActiveCfg = Release|Any CPU
		{8463AB5C-C4CD-41B6-B13E-3C0A8750DDBA}.Release|Any CPU.Build.0 = Release|Any CPU
		{8463AB5C-C4CD-41B6-B13E-3C0A8750DDBA}.Release|x64.ActiveCfg = Release|Any CPU
		{8463AB5C-C4CD-41B6-B13E-3C0A8750DDBA}.Release|x64.Build.0 = Release|Any CPU
		{8463AB5C-C4CD-41B6-B13E-3C0A8750DDBA}.Release|x86.ActiveCfg = Release|Any CPU
		{8463AB5C-C4CD-41B6-B13E-3C0A8750DDBA}.Release|x86.Build.0 = Release|Any CPU
		{0ACC3D85-810A-47D2-9DDD-8E3494A6F066}.Debug|Any CPU.ActiveCfg = Debug|Any CPU
		{0ACC3D85-810A-47D2-9DDD-8E3494A6F066}.Debug|Any CPU.Build.0 = Debug|Any CPU
		{0ACC3D85-810A-47D2-9DDD-8E3494A6F066}.Debug|x64.ActiveCfg = Debug|Any CPU
		{0ACC3D85-810A-47D2-9DDD-8E3494A6F066}.Debug|x64.Build.0 = Debug|Any CPU
		{0ACC3D85-810A-47D2-9DDD-8E3494A6F066}.Debug|x86.ActiveCfg = Debug|Any CPU
		{0ACC3D85-810A-47D2-9DDD-8E3494A6F066}.Debug|x86.Build.0 = Debug|Any CPU
		{0ACC3D85-810A-47D2-9DDD-8E3494A6F066}.Release|Any CPU.ActiveCfg = Release|Any CPU
		{0ACC3D85-810A-47D2-9DDD-8E3494A6F066}.Release|Any CPU.Build.0 = Release|Any CPU
		{0ACC3D85-810A-47D2-9DDD-8E3494A6F066}.Release|x64.ActiveCfg = Release|Any CPU
		{0ACC3D85-810A-47D2-9DDD-8E3494A6F066}.Release|x64.Build.0 = Release|Any CPU
		{0ACC3D85-810A-47D2-9DDD-8E3494A6F066}.Release|x86.ActiveCfg = Release|Any CPU
		{0ACC3D85-810A-47D2-9DDD-8E3494A6F066}.Release|x86.Build.0 = Release|Any CPU
		{8B503A5D-922E-4799-AD01-E30967269DE2}.Debug|Any CPU.ActiveCfg = Debug|Any CPU
		{8B503A5D-922E-4799-AD01-E30967269DE2}.Debug|Any CPU.Build.0 = Debug|Any CPU
		{8B503A5D-922E-4799-AD01-E30967269DE2}.Debug|x64.ActiveCfg = Debug|Any CPU
		{8B503A5D-922E-4799-AD01-E30967269DE2}.Debug|x64.Build.0 = Debug|Any CPU
		{8B503A5D-922E-4799-AD01-E30967269DE2}.Debug|x86.ActiveCfg = Debug|Any CPU
		{8B503A5D-922E-4799-AD01-E30967269DE2}.Debug|x86.Build.0 = Debug|Any CPU
		{8B503A5D-922E-4799-AD01-E30967269DE2}.Release|Any CPU.ActiveCfg = Release|Any CPU
		{8B503A5D-922E-4799-AD01-E30967269DE2}.Release|Any CPU.Build.0 = Release|Any CPU
		{8B503A5D-922E-4799-AD01-E30967269DE2}.Release|x64.ActiveCfg = Release|Any CPU
		{8B503A5D-922E-4799-AD01-E30967269DE2}.Release|x64.Build.0 = Release|Any CPU
		{8B503A5D-922E-4799-AD01-E30967269DE2}.Release|x86.ActiveCfg = Release|Any CPU
		{8B503A5D-922E-4799-AD01-E30967269DE2}.Release|x86.Build.0 = Release|Any CPU
		{6911D126-C2CE-45E9-B9B3-66AAD3CB9989}.Debug|Any CPU.ActiveCfg = Debug|Any CPU
		{6911D126-C2CE-45E9-B9B3-66AAD3CB9989}.Debug|Any CPU.Build.0 = Debug|Any CPU
		{6911D126-C2CE-45E9-B9B3-66AAD3CB9989}.Debug|x64.ActiveCfg = Debug|Any CPU
		{6911D126-C2CE-45E9-B9B3-66AAD3CB9989}.Debug|x64.Build.0 = Debug|Any CPU
		{6911D126-C2CE-45E9-B9B3-66AAD3CB9989}.Debug|x86.ActiveCfg = Debug|Any CPU
		{6911D126-C2CE-45E9-B9B3-66AAD3CB9989}.Debug|x86.Build.0 = Debug|Any CPU
		{6911D126-C2CE-45E9-B9B3-66AAD3CB9989}.Release|Any CPU.ActiveCfg = Release|Any CPU
		{6911D126-C2CE-45E9-B9B3-66AAD3CB9989}.Release|Any CPU.Build.0 = Release|Any CPU
		{6911D126-C2CE-45E9-B9B3-66AAD3CB9989}.Release|x64.ActiveCfg = Release|Any CPU
		{6911D126-C2CE-45E9-B9B3-66AAD3CB9989}.Release|x64.Build.0 = Release|Any CPU
		{6911D126-C2CE-45E9-B9B3-66AAD3CB9989}.Release|x86.ActiveCfg = Release|Any CPU
		{6911D126-C2CE-45E9-B9B3-66AAD3CB9989}.Release|x86.Build.0 = Release|Any CPU
		{3117E85C-9518-4B03-8C35-A0BC9A46E2C6}.Debug|Any CPU.ActiveCfg = Debug|Any CPU
		{3117E85C-9518-4B03-8C35-A0BC9A46E2C6}.Debug|Any CPU.Build.0 = Debug|Any CPU
		{3117E85C-9518-4B03-8C35-A0BC9A46E2C6}.Debug|x64.ActiveCfg = Debug|Any CPU
		{3117E85C-9518-4B03-8C35-A0BC9A46E2C6}.Debug|x64.Build.0 = Debug|Any CPU
		{3117E85C-9518-4B03-8C35-A0BC9A46E2C6}.Debug|x86.ActiveCfg = Debug|Any CPU
		{3117E85C-9518-4B03-8C35-A0BC9A46E2C6}.Debug|x86.Build.0 = Debug|Any CPU
		{3117E85C-9518-4B03-8C35-A0BC9A46E2C6}.Release|Any CPU.ActiveCfg = Release|Any CPU
		{3117E85C-9518-4B03-8C35-A0BC9A46E2C6}.Release|Any CPU.Build.0 = Release|Any CPU
		{3117E85C-9518-4B03-8C35-A0BC9A46E2C6}.Release|x64.ActiveCfg = Release|Any CPU
		{3117E85C-9518-4B03-8C35-A0BC9A46E2C6}.Release|x64.Build.0 = Release|Any CPU
		{3117E85C-9518-4B03-8C35-A0BC9A46E2C6}.Release|x86.ActiveCfg = Release|Any CPU
		{3117E85C-9518-4B03-8C35-A0BC9A46E2C6}.Release|x86.Build.0 = Release|Any CPU
		{B5459C00-42AA-4545-981F-4F2C60D53F2E}.Debug|Any CPU.ActiveCfg = Debug|Any CPU
		{B5459C00-42AA-4545-981F-4F2C60D53F2E}.Debug|Any CPU.Build.0 = Debug|Any CPU
		{B5459C00-42AA-4545-981F-4F2C60D53F2E}.Debug|x64.ActiveCfg = Debug|Any CPU
		{B5459C00-42AA-4545-981F-4F2C60D53F2E}.Debug|x64.Build.0 = Debug|Any CPU
		{B5459C00-42AA-4545-981F-4F2C60D53F2E}.Debug|x86.ActiveCfg = Debug|Any CPU
		{B5459C00-42AA-4545-981F-4F2C60D53F2E}.Debug|x86.Build.0 = Debug|Any CPU
		{B5459C00-42AA-4545-981F-4F2C60D53F2E}.Release|Any CPU.ActiveCfg = Release|Any CPU
		{B5459C00-42AA-4545-981F-4F2C60D53F2E}.Release|Any CPU.Build.0 = Release|Any CPU
		{B5459C00-42AA-4545-981F-4F2C60D53F2E}.Release|x64.ActiveCfg = Release|Any CPU
		{B5459C00-42AA-4545-981F-4F2C60D53F2E}.Release|x64.Build.0 = Release|Any CPU
		{B5459C00-42AA-4545-981F-4F2C60D53F2E}.Release|x86.ActiveCfg = Release|Any CPU
		{B5459C00-42AA-4545-981F-4F2C60D53F2E}.Release|x86.Build.0 = Release|Any CPU
		{63D94460-7435-481E-86B6-90A4E33CB22B}.Debug|Any CPU.ActiveCfg = Debug|Any CPU
		{63D94460-7435-481E-86B6-90A4E33CB22B}.Debug|Any CPU.Build.0 = Debug|Any CPU
		{63D94460-7435-481E-86B6-90A4E33CB22B}.Debug|x64.ActiveCfg = Debug|Any CPU
		{63D94460-7435-481E-86B6-90A4E33CB22B}.Debug|x64.Build.0 = Debug|Any CPU
		{63D94460-7435-481E-86B6-90A4E33CB22B}.Debug|x86.ActiveCfg = Debug|Any CPU
		{63D94460-7435-481E-86B6-90A4E33CB22B}.Debug|x86.Build.0 = Debug|Any CPU
		{63D94460-7435-481E-86B6-90A4E33CB22B}.Release|Any CPU.ActiveCfg = Release|Any CPU
		{63D94460-7435-481E-86B6-90A4E33CB22B}.Release|Any CPU.Build.0 = Release|Any CPU
		{63D94460-7435-481E-86B6-90A4E33CB22B}.Release|x64.ActiveCfg = Release|Any CPU
		{63D94460-7435-481E-86B6-90A4E33CB22B}.Release|x64.Build.0 = Release|Any CPU
		{63D94460-7435-481E-86B6-90A4E33CB22B}.Release|x86.ActiveCfg = Release|Any CPU
		{63D94460-7435-481E-86B6-90A4E33CB22B}.Release|x86.Build.0 = Release|Any CPU
	EndGlobalSection
	GlobalSection(SolutionProperties) = preSolution
		HideSolutionNode = FALSE
	EndGlobalSection
	GlobalSection(NestedProjects) = preSolution
		{420254B7-E90C-414F-A0B0-A916F667F1CA} = {2852990D-EA7B-4C60-91C9-A18086778975}
		{14A79EE3-FEF0-4EC0-8233-DC62D6C46427} = {2852990D-EA7B-4C60-91C9-A18086778975}
		{C96A2824-A13C-4CF5-A337-9D872E397C74} = {2852990D-EA7B-4C60-91C9-A18086778975}
		{D600B82D-A170-4066-9075-04DE2DA006FF} = {2852990D-EA7B-4C60-91C9-A18086778975}
		{0133BC83-DA4B-4CF0-BD8D-A99196C9C3EE} = {2852990D-EA7B-4C60-91C9-A18086778975}
		{645F2941-E99F-4AF2-968C-E3D8E0A88C56} = {0133BC83-DA4B-4CF0-BD8D-A99196C9C3EE}
		{2EB86DD5-3414-459D-9DFC-935B6BACC65C} = {0133BC83-DA4B-4CF0-BD8D-A99196C9C3EE}
		{8463AB5C-C4CD-41B6-B13E-3C0A8750DDBA} = {2852990D-EA7B-4C60-91C9-A18086778975}
		{0ACC3D85-810A-47D2-9DDD-8E3494A6F066} = {2852990D-EA7B-4C60-91C9-A18086778975}
	EndGlobalSection
EndGlobal
