
Microsoft Visual Studio Solution File, Format Version 12.00
# Visual Studio Version 16
VisualStudioVersion = 16.0.30611.23
MinimumVisualStudioVersion = 10.0.40219.1
Project("{FAE04EC0-301F-11D3-BF4B-00C04F79EFBC}") = "TestMultArrayOperate", "src\TestMultArrayOperate\TestMultArrayOperate.csproj", "{76B42CEE-E1F8-4F93-B5BD-2A3843C9691B}"
EndProject
Project("{2150E333-8FDC-42A3-9474-1A3956D46DE8}") = "WindowsFormTesting", "WindowsFormTesting", "{2852990D-EA7B-4C60-91C9-A18086778975}"
EndProject
Project("{FAE04EC0-301F-11D3-BF4B-00C04F79EFBC}") = "LockTextboxWithPassword", "src\LockTextboxWithPassword\LockTextboxWithPassword.csproj", "{420254B7-E90C-414F-A0B0-A916F667F1CA}"
EndProject
Project("{FAE04EC0-301F-11D3-BF4B-00C04F79EFBC}") = "TestPassAndUnloadControl", "src\TestPassAndUnloadControl\TestPassAndUnloadControl.csproj", "{14A79EE3-FEF0-4EC0-8233-DC62D6C46427}"
EndProject
Project("{FAE04EC0-301F-11D3-BF4B-00C04F79EFBC}") = "TestPctbxZoomAndCppDll", "src\TestPctbxZoomAndCppDll\TestPctbxZoomAndCppDll.csproj", "{C96A2824-A13C-4CF5-A337-9D872E397C74}"
EndProject
Project("{FAE04EC0-301F-11D3-BF4B-00C04F79EFBC}") = "TestUserControl", "src\TestUserControl\TestUserControl.csproj", "{D600B82D-A170-4066-9075-04DE2DA006FF}"
EndProject
Project("{2150E333-8FDC-42A3-9474-1A3956D46DE8}") = "CSharpLoadCppDll", "CSharpLoadCppDll", "{0133BC83-DA4B-4CF0-BD8D-A99196C9C3EE}"
EndProject
Project("{FAE04EC0-301F-11D3-BF4B-00C04F79EFBC}") = "CSharpLoadCppDll", "src\CSharpLoadCppDll\CSharpLoadCppDll\CSharpLoadCppDll.csproj", "{645F2941-E99F-4AF2-968C-E3D8E0A88C56}"
EndProject
Project("{8BC9CEB8-8B4A-11D0-8D11-00A0C91BC942}") = "ManagementDll", "src\CSharpLoadCppDll\ManagementDll\ManagementDll.vcxproj", "{2EB86DD5-3414-459D-9DFC-935B6BACC65C}"
EndProject
Project("{FAE04EC0-301F-11D3-BF4B-00C04F79EFBC}") = "CompositePattern", "src\CompositePattern\CompositePattern.csproj", "{A9F9CD3B-FF8F-46C6-9600-AA9E9D9173E2}"
EndProject
Project("{FAE04EC0-301F-11D3-BF4B-00C04F79EFBC}") = "Async", "src\Async\Async.csproj", "{8463AB5C-C4CD-41B6-B13E-3C0A8750DDBA}"
EndProject
Project("{FAE04EC0-301F-11D3-BF4B-00C04F79EFBC}") = "CS_PicturePropertyTesting", "src\CS_PicturePropertyTesting\CS_PicturePropertyTesting.csproj", "{0ACC3D85-810A-47D2-9DDD-8E3494A6F066}"
EndProject
Project("{FAE04EC0-301F-11D3-BF4B-00C04F79EFBC}") = "CSharImgProcUsingIntptr", "src\CSharImgProcUsingIntptr\CSharImgProcUsingIntptr.csproj", "{8B503A5D-922E-4799-AD01-E30967269DE2}"
EndProject
Project("{FAE04EC0-301F-11D3-BF4B-00C04F79EFBC}") = "CSharpWriteAndReadXml", "src\CSharpWriteAndReadXml\CSharpWriteAndReadXml.csproj", "{6911D126-C2CE-45E9-B9B3-66AAD3CB9989}"
EndProject
Project("{FAE04EC0-301F-11D3-BF4B-00C04F79EFBC}") = "StatePatternForAOI", "src\StatePatternForAOI\StatePatternForAOI.csproj", "{3117E85C-9518-4B03-8C35-A0BC9A46E2C6}"
EndProject
Project("{FAE04EC0-301F-11D3-BF4B-00C04F79EFBC}") = "TestEventPassData", "src\TestEventPassData\TestEventPassData.csproj", "{B5459C00-42AA-4545-981F-4F2C60D53F2E}"
EndProject
Project("{FAE04EC0-301F-11D3-BF4B-00C04F79EFBC}") = "TestInterfAndAbstra", "src\TestInterfAndAbstra\TestInterfAndAbstra.csproj", "{63D94460-7435-481E-86B6-90A4E33CB22B}"
EndProject
Project("{2150E333-8FDC-42A3-9474-1A3956D46DE8}") = "WPF", "WPF", "{98FCD5FA-E98C-48F3-B53A-DF35017FD9F8}"
EndProject
Project("{FAE04EC0-301F-11D3-BF4B-00C04F79EFBC}") = "BindingCommandReplaceEvent", "src\BindingCommandReplaceEvent\BindingCommandReplaceEvent.csproj", "{2BE6DBAF-683B-4EF0-AF3C-6A7EE82B7139}"
EndProject
Project("{FAE04EC0-301F-11D3-BF4B-00C04F79EFBC}") = "TestColorPicker", "src\TestColorPicker\TestColorPicker.csproj", "{5EB1F125-CFAD-43A5-83C7-B387641FC93E}"
EndProject
Project("{FAE04EC0-301F-11D3-BF4B-00C04F79EFBC}") = "TestComboboxMvvm", "src\TestComboboxMvvm\TestComboboxMvvm.csproj", "{4EFA365B-DA25-48FE-8F11-F91646EEFEB0}"
EndProject
Project("{FAE04EC0-301F-11D3-BF4B-00C04F79EFBC}") = "TestCompositePatternInPctbxDraw", "src\TestCompositePatternInPctbxDraw\TestCompositePatternInPctbxDraw.csproj", "{1413F11B-14A0-4AFB-84E6-236A6837B8D0}"
EndProject
Project("{FAE04EC0-301F-11D3-BF4B-00C04F79EFBC}") = "TestDependencyProperties", "src\TestDependencyProperties\TestDependencyProperties.csproj", "{16F8AF4F-6C28-46E7-9572-8A99CEB6A7B6}"
EndProject
Project("{FAE04EC0-301F-11D3-BF4B-00C04F79EFBC}") = "TestDictionary", "src\TestDictionary\TestDictionary.csproj", "{508FB2FE-7F9E-417E-A13F-51B79F01A04D}"
EndProject
Project("{FAE04EC0-301F-11D3-BF4B-00C04F79EFBC}") = "TestEstablishBitmapStream", "src\TestEstablishBitmapStream\TestEstablishBitmapStream.csproj", "{7145E3A2-5063-4258-A1B0-9A522E5CD4F7}"
EndProject
Project("{FAE04EC0-301F-11D3-BF4B-00C04F79EFBC}") = "TestFormatOutputStr", "src\TestFormatOutputStr\TestFormatOutputStr.csproj", "{2F2A113E-2257-44E6-BE12-84EEF7D7DA7B}"
EndProject
Project("{FAE04EC0-301F-11D3-BF4B-00C04F79EFBC}") = "TestHalconOp_ReduceDomain", "src\TestHalconOp_ReduceDomain\TestHalconOp_ReduceDomain.csproj", "{0943982B-8A3B-44CD-85D6-D62B07C5812B}"
EndProject
Project("{FAE04EC0-301F-11D3-BF4B-00C04F79EFBC}") = "Testing_MVVM", "src\Testing_MVVM\Testing_MVVM.csproj", "{297AEF6E-B152-4490-A9C7-E3B0A0495DC7}"
EndProject
Project("{FAE04EC0-301F-11D3-BF4B-00C04F79EFBC}") = "TestingCalculateImgInfoByParall", "src\TestingCalculateImgInfoByParall\TestingCalculateImgInfoByParall.csproj", "{BCD954F3-D0D7-4A97-96D4-05FAB22F1993}"
EndProject
Project("{FAE04EC0-301F-11D3-BF4B-00C04F79EFBC}") = "TestingSliderBar", "src\TestingSliderBar\TestingSliderBar.csproj", "{3EA7BFC4-8C42-499F-9044-56806A742BFB}"
EndProject
Project("{FAE04EC0-301F-11D3-BF4B-00C04F79EFBC}") = "TestMultInterfaceConvert", "src\TestMultInterfaceConvert\TestMultInterfaceConvert.csproj", "{C701AB94-E0E3-4D09-81EA-3B8201C7851F}"
EndProject
Project("{FAE04EC0-301F-11D3-BF4B-00C04F79EFBC}") = "TestPassDiffKindOfDelegateBetwnClass", "src\TestPassDiffKindOfDelegateBetwnClass\TestPassDiffKindOfDelegateBetwnClass.csproj", "{1245D78F-7EF0-46CF-8A64-036E3D37F5DA}"
EndProject
Project("{FAE04EC0-301F-11D3-BF4B-00C04F79EFBC}") = "TestTransBetween_HObj_Bitmap_BitmapImg", "src\TestTransBetween_HObj_Bitmap_BitmapImg\TestTransBetween_HObj_Bitmap_BitmapImg.csproj", "{1AF8B00E-EC63-4532-940C-9A7C2E4456F1}"
EndProject
Project("{FAE04EC0-301F-11D3-BF4B-00C04F79EFBC}") = "TestWinformMixWpf", "src\TestWinformMixWpf\TestWinformMixWpf.csproj", "{1711AC45-59A2-4250-A6B3-94A3D23157EB}"
EndProject
Project("{FAE04EC0-301F-11D3-BF4B-00C04F79EFBC}") = "WinformComboBoxDrawImg", "src\WinformComboBoxDrawImg\WinformComboBoxDrawImg.csproj", "{28BF9E5C-B0D4-47BC-A505-5D1B6F1FE2CA}"
EndProject
Project("{2150E333-8FDC-42A3-9474-1A3956D46DE8}") = "WpfHideSubUsercontrol", "WpfHideSubUsercontrol", "{F98A5946-D2F6-4F6C-AA24-E8CD6DC01E62}"
EndProject
Project("{FAE04EC0-301F-11D3-BF4B-00C04F79EFBC}") = "WpfHideSubUsercontrol", "src\WpfHideSubUsercontrol\WpfHideSubUsercontrol\WpfHideSubUsercontrol.csproj", "{F1C4B4F9-A769-4439-8939-200EF51B9D4D}"
EndProject
Project("{FAE04EC0-301F-11D3-BF4B-00C04F79EFBC}") = "WpfApplication1", "src\WpfHideSubUsercontrol\WpfApplication1\WpfApplication1.csproj", "{08E91B44-FC7F-4B21-8ACE-C64AE40A3728}"
EndProject
Project("{FAE04EC0-301F-11D3-BF4B-00C04F79EFBC}") = "TestCsManipulateIni", "src\TestCsManipulateIni\TestCsManipulateIni.csproj", "{CE2312DA-CC4F-4B95-9450-1C5DE956D844}"
EndProject
Global
	GlobalSection(SolutionConfigurationPlatforms) = preSolution
		Debug|Any CPU = Debug|Any CPU
		Debug|x64 = Debug|x64
		Debug|x86 = Debug|x86
		Release|Any CPU = Release|Any CPU
		Release|x64 = Release|x64
		Release|x86 = Release|x86
	EndGlobalSection
	GlobalSection(ProjectConfigurationPlatforms) = postSolution
		{76B42CEE-E1F8-4F93-B5BD-2A3843C9691B}.Debug|Any CPU.ActiveCfg = Debug|Any CPU
		{76B42CEE-E1F8-4F93-B5BD-2A3843C9691B}.Debug|Any CPU.Build.0 = Debug|Any CPU
		{76B42CEE-E1F8-4F93-B5BD-2A3843C9691B}.Debug|x64.ActiveCfg = Debug|Any CPU
		{76B42CEE-E1F8-4F93-B5BD-2A3843C9691B}.Debug|x64.Build.0 = Debug|Any CPU
		{76B42CEE-E1F8-4F93-B5BD-2A3843C9691B}.Debug|x86.ActiveCfg = Debug|Any CPU
		{76B42CEE-E1F8-4F93-B5BD-2A3843C9691B}.Debug|x86.Build.0 = Debug|Any CPU
		{76B42CEE-E1F8-4F93-B5BD-2A3843C9691B}.Release|Any CPU.ActiveCfg = Release|Any CPU
		{76B42CEE-E1F8-4F93-B5BD-2A3843C9691B}.Release|Any CPU.Build.0 = Release|Any CPU
		{76B42CEE-E1F8-4F93-B5BD-2A3843C9691B}.Release|x64.ActiveCfg = Release|Any CPU
		{76B42CEE-E1F8-4F93-B5BD-2A3843C9691B}.Release|x64.Build.0 = Release|Any CPU
		{76B42CEE-E1F8-4F93-B5BD-2A3843C9691B}.Release|x86.ActiveCfg = Release|Any CPU
		{76B42CEE-E1F8-4F93-B5BD-2A3843C9691B}.Release|x86.Build.0 = Release|Any CPU
		{420254B7-E90C-414F-A0B0-A916F667F1CA}.Debug|Any CPU.ActiveCfg = Debug|Any CPU
		{420254B7-E90C-414F-A0B0-A916F667F1CA}.Debug|Any CPU.Build.0 = Debug|Any CPU
		{420254B7-E90C-414F-A0B0-A916F667F1CA}.Debug|x64.ActiveCfg = Debug|Any CPU
		{420254B7-E90C-414F-A0B0-A916F667F1CA}.Debug|x64.Build.0 = Debug|Any CPU
		{420254B7-E90C-414F-A0B0-A916F667F1CA}.Debug|x86.ActiveCfg = Debug|Any CPU
		{420254B7-E90C-414F-A0B0-A916F667F1CA}.Debug|x86.Build.0 = Debug|Any CPU
		{420254B7-E90C-414F-A0B0-A916F667F1CA}.Release|Any CPU.ActiveCfg = Release|Any CPU
		{420254B7-E90C-414F-A0B0-A916F667F1CA}.Release|Any CPU.Build.0 = Release|Any CPU
		{420254B7-E90C-414F-A0B0-A916F667F1CA}.Release|x64.ActiveCfg = Release|Any CPU
		{420254B7-E90C-414F-A0B0-A916F667F1CA}.Release|x64.Build.0 = Release|Any CPU
		{420254B7-E90C-414F-A0B0-A916F667F1CA}.Release|x86.ActiveCfg = Release|Any CPU
		{420254B7-E90C-414F-A0B0-A916F667F1CA}.Release|x86.Build.0 = Release|Any CPU
		{14A79EE3-FEF0-4EC0-8233-DC62D6C46427}.Debug|Any CPU.ActiveCfg = Debug|Any CPU
		{14A79EE3-FEF0-4EC0-8233-DC62D6C46427}.Debug|Any CPU.Build.0 = Debug|Any CPU
		{14A79EE3-FEF0-4EC0-8233-DC62D6C46427}.Debug|x64.ActiveCfg = Debug|Any CPU
		{14A79EE3-FEF0-4EC0-8233-DC62D6C46427}.Debug|x64.Build.0 = Debug|Any CPU
		{14A79EE3-FEF0-4EC0-8233-DC62D6C46427}.Debug|x86.ActiveCfg = Debug|Any CPU
		{14A79EE3-FEF0-4EC0-8233-DC62D6C46427}.Debug|x86.Build.0 = Debug|Any CPU
		{14A79EE3-FEF0-4EC0-8233-DC62D6C46427}.Release|Any CPU.ActiveCfg = Release|Any CPU
		{14A79EE3-FEF0-4EC0-8233-DC62D6C46427}.Release|Any CPU.Build.0 = Release|Any CPU
		{14A79EE3-FEF0-4EC0-8233-DC62D6C46427}.Release|x64.ActiveCfg = Release|Any CPU
		{14A79EE3-FEF0-4EC0-8233-DC62D6C46427}.Release|x64.Build.0 = Release|Any CPU
		{14A79EE3-FEF0-4EC0-8233-DC62D6C46427}.Release|x86.ActiveCfg = Release|Any CPU
		{14A79EE3-FEF0-4EC0-8233-DC62D6C46427}.Release|x86.Build.0 = Release|Any CPU
		{C96A2824-A13C-4CF5-A337-9D872E397C74}.Debug|Any CPU.ActiveCfg = Debug|Any CPU
		{C96A2824-A13C-4CF5-A337-9D872E397C74}.Debug|Any CPU.Build.0 = Debug|Any CPU
		{C96A2824-A13C-4CF5-A337-9D872E397C74}.Debug|x64.ActiveCfg = Debug|Any CPU
		{C96A2824-A13C-4CF5-A337-9D872E397C74}.Debug|x64.Build.0 = Debug|Any CPU
		{C96A2824-A13C-4CF5-A337-9D872E397C74}.Debug|x86.ActiveCfg = Debug|Any CPU
		{C96A2824-A13C-4CF5-A337-9D872E397C74}.Debug|x86.Build.0 = Debug|Any CPU
		{C96A2824-A13C-4CF5-A337-9D872E397C74}.Release|Any CPU.ActiveCfg = Release|Any CPU
		{C96A2824-A13C-4CF5-A337-9D872E397C74}.Release|Any CPU.Build.0 = Release|Any CPU
		{C96A2824-A13C-4CF5-A337-9D872E397C74}.Release|x64.ActiveCfg = Release|Any CPU
		{C96A2824-A13C-4CF5-A337-9D872E397C74}.Release|x64.Build.0 = Release|Any CPU
		{C96A2824-A13C-4CF5-A337-9D872E397C74}.Release|x86.ActiveCfg = Release|Any CPU
		{C96A2824-A13C-4CF5-A337-9D872E397C74}.Release|x86.Build.0 = Release|Any CPU
		{D600B82D-A170-4066-9075-04DE2DA006FF}.Debug|Any CPU.ActiveCfg = Debug|Any CPU
		{D600B82D-A170-4066-9075-04DE2DA006FF}.Debug|Any CPU.Build.0 = Debug|Any CPU
		{D600B82D-A170-4066-9075-04DE2DA006FF}.Debug|x64.ActiveCfg = Debug|x64
		{D600B82D-A170-4066-9075-04DE2DA006FF}.Debug|x64.Build.0 = Debug|x64
		{D600B82D-A170-4066-9075-04DE2DA006FF}.Debug|x86.ActiveCfg = Debug|x86
		{D600B82D-A170-4066-9075-04DE2DA006FF}.Debug|x86.Build.0 = Debug|x86
		{D600B82D-A170-4066-9075-04DE2DA006FF}.Release|Any CPU.ActiveCfg = Release|Any CPU
		{D600B82D-A170-4066-9075-04DE2DA006FF}.Release|Any CPU.Build.0 = Release|Any CPU
		{D600B82D-A170-4066-9075-04DE2DA006FF}.Release|x64.ActiveCfg = Release|x64
		{D600B82D-A170-4066-9075-04DE2DA006FF}.Release|x64.Build.0 = Release|x64
		{D600B82D-A170-4066-9075-04DE2DA006FF}.Release|x86.ActiveCfg = Release|x86
		{D600B82D-A170-4066-9075-04DE2DA006FF}.Release|x86.Build.0 = Release|x86
		{645F2941-E99F-4AF2-968C-E3D8E0A88C56}.Debug|Any CPU.ActiveCfg = Debug|Any CPU
		{645F2941-E99F-4AF2-968C-E3D8E0A88C56}.Debug|Any CPU.Build.0 = Debug|Any CPU
		{645F2941-E99F-4AF2-968C-E3D8E0A88C56}.Debug|x64.ActiveCfg = Debug|Any CPU
		{645F2941-E99F-4AF2-968C-E3D8E0A88C56}.Debug|x64.Build.0 = Debug|Any CPU
		{645F2941-E99F-4AF2-968C-E3D8E0A88C56}.Debug|x86.ActiveCfg = Debug|Any CPU
		{645F2941-E99F-4AF2-968C-E3D8E0A88C56}.Debug|x86.Build.0 = Debug|Any CPU
		{645F2941-E99F-4AF2-968C-E3D8E0A88C56}.Release|Any CPU.ActiveCfg = Release|Any CPU
		{645F2941-E99F-4AF2-968C-E3D8E0A88C56}.Release|Any CPU.Build.0 = Release|Any CPU
		{645F2941-E99F-4AF2-968C-E3D8E0A88C56}.Release|x64.ActiveCfg = Release|Any CPU
		{645F2941-E99F-4AF2-968C-E3D8E0A88C56}.Release|x64.Build.0 = Release|Any CPU
		{645F2941-E99F-4AF2-968C-E3D8E0A88C56}.Release|x86.ActiveCfg = Release|Any CPU
		{645F2941-E99F-4AF2-968C-E3D8E0A88C56}.Release|x86.Build.0 = Release|Any CPU
		{2EB86DD5-3414-459D-9DFC-935B6BACC65C}.Debug|Any CPU.ActiveCfg = Debug|Win32
		{2EB86DD5-3414-459D-9DFC-935B6BACC65C}.Debug|x64.ActiveCfg = Debug|x64
		{2EB86DD5-3414-459D-9DFC-935B6BACC65C}.Debug|x64.Build.0 = Debug|x64
		{2EB86DD5-3414-459D-9DFC-935B6BACC65C}.Debug|x86.ActiveCfg = Debug|Win32
		{2EB86DD5-3414-459D-9DFC-935B6BACC65C}.Debug|x86.Build.0 = Debug|Win32
		{2EB86DD5-3414-459D-9DFC-935B6BACC65C}.Release|Any CPU.ActiveCfg = Release|Win32
		{2EB86DD5-3414-459D-9DFC-935B6BACC65C}.Release|x64.ActiveCfg = Release|x64
		{2EB86DD5-3414-459D-9DFC-935B6BACC65C}.Release|x64.Build.0 = Release|x64
		{2EB86DD5-3414-459D-9DFC-935B6BACC65C}.Release|x86.ActiveCfg = Release|Win32
		{2EB86DD5-3414-459D-9DFC-935B6BACC65C}.Release|x86.Build.0 = Release|Win32
		{A9F9CD3B-FF8F-46C6-9600-AA9E9D9173E2}.Debug|Any CPU.ActiveCfg = Debug|Any CPU
		{A9F9CD3B-FF8F-46C6-9600-AA9E9D9173E2}.Debug|Any CPU.Build.0 = Debug|Any CPU
		{A9F9CD3B-FF8F-46C6-9600-AA9E9D9173E2}.Debug|x64.ActiveCfg = Debug|Any CPU
		{A9F9CD3B-FF8F-46C6-9600-AA9E9D9173E2}.Debug|x64.Build.0 = Debug|Any CPU
		{A9F9CD3B-FF8F-46C6-9600-AA9E9D9173E2}.Debug|x86.ActiveCfg = Debug|Any CPU
		{A9F9CD3B-FF8F-46C6-9600-AA9E9D9173E2}.Debug|x86.Build.0 = Debug|Any CPU
		{A9F9CD3B-FF8F-46C6-9600-AA9E9D9173E2}.Release|Any CPU.ActiveCfg = Release|Any CPU
		{A9F9CD3B-FF8F-46C6-9600-AA9E9D9173E2}.Release|Any CPU.Build.0 = Release|Any CPU
		{A9F9CD3B-FF8F-46C6-9600-AA9E9D9173E2}.Release|x64.ActiveCfg = Release|Any CPU
		{A9F9CD3B-FF8F-46C6-9600-AA9E9D9173E2}.Release|x64.Build.0 = Release|Any CPU
		{A9F9CD3B-FF8F-46C6-9600-AA9E9D9173E2}.Release|x86.ActiveCfg = Release|Any CPU
		{A9F9CD3B-FF8F-46C6-9600-AA9E9D9173E2}.Release|x86.Build.0 = Release|Any CPU
		{8463AB5C-C4CD-41B6-B13E-3C0A8750DDBA}.Debug|Any CPU.ActiveCfg = Debug|Any CPU
		{8463AB5C-C4CD-41B6-B13E-3C0A8750DDBA}.Debug|Any CPU.Build.0 = Debug|Any CPU
		{8463AB5C-C4CD-41B6-B13E-3C0A8750DDBA}.Debug|x64.ActiveCfg = Debug|Any CPU
		{8463AB5C-C4CD-41B6-B13E-3C0A8750DDBA}.Debug|x64.Build.0 = Debug|Any CPU
		{8463AB5C-C4CD-41B6-B13E-3C0A8750DDBA}.Debug|x86.ActiveCfg = Debug|Any CPU
		{8463AB5C-C4CD-41B6-B13E-3C0A8750DDBA}.Debug|x86.Build.0 = Debug|Any CPU
		{8463AB5C-C4CD-41B6-B13E-3C0A8750DDBA}.Release|Any CPU.ActiveCfg = Release|Any CPU
		{8463AB5C-C4CD-41B6-B13E-3C0A8750DDBA}.Release|Any CPU.Build.0 = Release|Any CPU
		{8463AB5C-C4CD-41B6-B13E-3C0A8750DDBA}.Release|x64.ActiveCfg = Release|Any CPU
		{8463AB5C-C4CD-41B6-B13E-3C0A8750DDBA}.Release|x64.Build.0 = Release|Any CPU
		{8463AB5C-C4CD-41B6-B13E-3C0A8750DDBA}.Release|x86.ActiveCfg = Release|Any CPU
		{8463AB5C-C4CD-41B6-B13E-3C0A8750DDBA}.Release|x86.Build.0 = Release|Any CPU
		{0ACC3D85-810A-47D2-9DDD-8E3494A6F066}.Debug|Any CPU.ActiveCfg = Debug|Any CPU
		{0ACC3D85-810A-47D2-9DDD-8E3494A6F066}.Debug|Any CPU.Build.0 = Debug|Any CPU
		{0ACC3D85-810A-47D2-9DDD-8E3494A6F066}.Debug|x64.ActiveCfg = Debug|Any CPU
		{0ACC3D85-810A-47D2-9DDD-8E3494A6F066}.Debug|x64.Build.0 = Debug|Any CPU
		{0ACC3D85-810A-47D2-9DDD-8E3494A6F066}.Debug|x86.ActiveCfg = Debug|Any CPU
		{0ACC3D85-810A-47D2-9DDD-8E3494A6F066}.Debug|x86.Build.0 = Debug|Any CPU
		{0ACC3D85-810A-47D2-9DDD-8E3494A6F066}.Release|Any CPU.ActiveCfg = Release|Any CPU
		{0ACC3D85-810A-47D2-9DDD-8E3494A6F066}.Release|Any CPU.Build.0 = Release|Any CPU
		{0ACC3D85-810A-47D2-9DDD-8E3494A6F066}.Release|x64.ActiveCfg = Release|Any CPU
		{0ACC3D85-810A-47D2-9DDD-8E3494A6F066}.Release|x64.Build.0 = Release|Any CPU
		{0ACC3D85-810A-47D2-9DDD-8E3494A6F066}.Release|x86.ActiveCfg = Release|Any CPU
		{0ACC3D85-810A-47D2-9DDD-8E3494A6F066}.Release|x86.Build.0 = Release|Any CPU
		{8B503A5D-922E-4799-AD01-E30967269DE2}.Debug|Any CPU.ActiveCfg = Debug|Any CPU
		{8B503A5D-922E-4799-AD01-E30967269DE2}.Debug|Any CPU.Build.0 = Debug|Any CPU
		{8B503A5D-922E-4799-AD01-E30967269DE2}.Debug|x64.ActiveCfg = Debug|Any CPU
		{8B503A5D-922E-4799-AD01-E30967269DE2}.Debug|x64.Build.0 = Debug|Any CPU
		{8B503A5D-922E-4799-AD01-E30967269DE2}.Debug|x86.ActiveCfg = Debug|Any CPU
		{8B503A5D-922E-4799-AD01-E30967269DE2}.Debug|x86.Build.0 = Debug|Any CPU
		{8B503A5D-922E-4799-AD01-E30967269DE2}.Release|Any CPU.ActiveCfg = Release|Any CPU
		{8B503A5D-922E-4799-AD01-E30967269DE2}.Release|Any CPU.Build.0 = Release|Any CPU
		{8B503A5D-922E-4799-AD01-E30967269DE2}.Release|x64.ActiveCfg = Release|Any CPU
		{8B503A5D-922E-4799-AD01-E30967269DE2}.Release|x64.Build.0 = Release|Any CPU
		{8B503A5D-922E-4799-AD01-E30967269DE2}.Release|x86.ActiveCfg = Release|Any CPU
		{8B503A5D-922E-4799-AD01-E30967269DE2}.Release|x86.Build.0 = Release|Any CPU
		{6911D126-C2CE-45E9-B9B3-66AAD3CB9989}.Debug|Any CPU.ActiveCfg = Debug|Any CPU
		{6911D126-C2CE-45E9-B9B3-66AAD3CB9989}.Debug|Any CPU.Build.0 = Debug|Any CPU
		{6911D126-C2CE-45E9-B9B3-66AAD3CB9989}.Debug|x64.ActiveCfg = Debug|Any CPU
		{6911D126-C2CE-45E9-B9B3-66AAD3CB9989}.Debug|x64.Build.0 = Debug|Any CPU
		{6911D126-C2CE-45E9-B9B3-66AAD3CB9989}.Debug|x86.ActiveCfg = Debug|Any CPU
		{6911D126-C2CE-45E9-B9B3-66AAD3CB9989}.Debug|x86.Build.0 = Debug|Any CPU
		{6911D126-C2CE-45E9-B9B3-66AAD3CB9989}.Release|Any CPU.ActiveCfg = Release|Any CPU
		{6911D126-C2CE-45E9-B9B3-66AAD3CB9989}.Release|Any CPU.Build.0 = Release|Any CPU
		{6911D126-C2CE-45E9-B9B3-66AAD3CB9989}.Release|x64.ActiveCfg = Release|Any CPU
		{6911D126-C2CE-45E9-B9B3-66AAD3CB9989}.Release|x64.Build.0 = Release|Any CPU
		{6911D126-C2CE-45E9-B9B3-66AAD3CB9989}.Release|x86.ActiveCfg = Release|Any CPU
		{6911D126-C2CE-45E9-B9B3-66AAD3CB9989}.Release|x86.Build.0 = Release|Any CPU
		{3117E85C-9518-4B03-8C35-A0BC9A46E2C6}.Debug|Any CPU.ActiveCfg = Debug|Any CPU
		{3117E85C-9518-4B03-8C35-A0BC9A46E2C6}.Debug|Any CPU.Build.0 = Debug|Any CPU
		{3117E85C-9518-4B03-8C35-A0BC9A46E2C6}.Debug|x64.ActiveCfg = Debug|Any CPU
		{3117E85C-9518-4B03-8C35-A0BC9A46E2C6}.Debug|x64.Build.0 = Debug|Any CPU
		{3117E85C-9518-4B03-8C35-A0BC9A46E2C6}.Debug|x86.ActiveCfg = Debug|Any CPU
		{3117E85C-9518-4B03-8C35-A0BC9A46E2C6}.Debug|x86.Build.0 = Debug|Any CPU
		{3117E85C-9518-4B03-8C35-A0BC9A46E2C6}.Release|Any CPU.ActiveCfg = Release|Any CPU
		{3117E85C-9518-4B03-8C35-A0BC9A46E2C6}.Release|Any CPU.Build.0 = Release|Any CPU
		{3117E85C-9518-4B03-8C35-A0BC9A46E2C6}.Release|x64.ActiveCfg = Release|Any CPU
		{3117E85C-9518-4B03-8C35-A0BC9A46E2C6}.Release|x64.Build.0 = Release|Any CPU
		{3117E85C-9518-4B03-8C35-A0BC9A46E2C6}.Release|x86.ActiveCfg = Release|Any CPU
		{3117E85C-9518-4B03-8C35-A0BC9A46E2C6}.Release|x86.Build.0 = Release|Any CPU
		{B5459C00-42AA-4545-981F-4F2C60D53F2E}.Debug|Any CPU.ActiveCfg = Debug|Any CPU
		{B5459C00-42AA-4545-981F-4F2C60D53F2E}.Debug|Any CPU.Build.0 = Debug|Any CPU
		{B5459C00-42AA-4545-981F-4F2C60D53F2E}.Debug|x64.ActiveCfg = Debug|Any CPU
		{B5459C00-42AA-4545-981F-4F2C60D53F2E}.Debug|x64.Build.0 = Debug|Any CPU
		{B5459C00-42AA-4545-981F-4F2C60D53F2E}.Debug|x86.ActiveCfg = Debug|Any CPU
		{B5459C00-42AA-4545-981F-4F2C60D53F2E}.Debug|x86.Build.0 = Debug|Any CPU
		{B5459C00-42AA-4545-981F-4F2C60D53F2E}.Release|Any CPU.ActiveCfg = Release|Any CPU
		{B5459C00-42AA-4545-981F-4F2C60D53F2E}.Release|Any CPU.Build.0 = Release|Any CPU
		{B5459C00-42AA-4545-981F-4F2C60D53F2E}.Release|x64.ActiveCfg = Release|Any CPU
		{B5459C00-42AA-4545-981F-4F2C60D53F2E}.Release|x64.Build.0 = Release|Any CPU
		{B5459C00-42AA-4545-981F-4F2C60D53F2E}.Release|x86.ActiveCfg = Release|Any CPU
		{B5459C00-42AA-4545-981F-4F2C60D53F2E}.Release|x86.Build.0 = Release|Any CPU
		{63D94460-7435-481E-86B6-90A4E33CB22B}.Debug|Any CPU.ActiveCfg = Debug|Any CPU
		{63D94460-7435-481E-86B6-90A4E33CB22B}.Debug|Any CPU.Build.0 = Debug|Any CPU
		{63D94460-7435-481E-86B6-90A4E33CB22B}.Debug|x64.ActiveCfg = Debug|Any CPU
		{63D94460-7435-481E-86B6-90A4E33CB22B}.Debug|x64.Build.0 = Debug|Any CPU
		{63D94460-7435-481E-86B6-90A4E33CB22B}.Debug|x86.ActiveCfg = Debug|Any CPU
		{63D94460-7435-481E-86B6-90A4E33CB22B}.Debug|x86.Build.0 = Debug|Any CPU
		{63D94460-7435-481E-86B6-90A4E33CB22B}.Release|Any CPU.ActiveCfg = Release|Any CPU
		{63D94460-7435-481E-86B6-90A4E33CB22B}.Release|Any CPU.Build.0 = Release|Any CPU
		{63D94460-7435-481E-86B6-90A4E33CB22B}.Release|x64.ActiveCfg = Release|Any CPU
		{63D94460-7435-481E-86B6-90A4E33CB22B}.Release|x64.Build.0 = Release|Any CPU
		{63D94460-7435-481E-86B6-90A4E33CB22B}.Release|x86.ActiveCfg = Release|Any CPU
		{63D94460-7435-481E-86B6-90A4E33CB22B}.Release|x86.Build.0 = Release|Any CPU
		{2BE6DBAF-683B-4EF0-AF3C-6A7EE82B7139}.Debug|Any CPU.ActiveCfg = Debug|Any CPU
		{2BE6DBAF-683B-4EF0-AF3C-6A7EE82B7139}.Debug|Any CPU.Build.0 = Debug|Any CPU
		{2BE6DBAF-683B-4EF0-AF3C-6A7EE82B7139}.Debug|x64.ActiveCfg = Debug|Any CPU
		{2BE6DBAF-683B-4EF0-AF3C-6A7EE82B7139}.Debug|x64.Build.0 = Debug|Any CPU
		{2BE6DBAF-683B-4EF0-AF3C-6A7EE82B7139}.Debug|x86.ActiveCfg = Debug|Any CPU
		{2BE6DBAF-683B-4EF0-AF3C-6A7EE82B7139}.Debug|x86.Build.0 = Debug|Any CPU
		{2BE6DBAF-683B-4EF0-AF3C-6A7EE82B7139}.Release|Any CPU.ActiveCfg = Release|Any CPU
		{2BE6DBAF-683B-4EF0-AF3C-6A7EE82B7139}.Release|Any CPU.Build.0 = Release|Any CPU
		{2BE6DBAF-683B-4EF0-AF3C-6A7EE82B7139}.Release|x64.ActiveCfg = Release|Any CPU
		{2BE6DBAF-683B-4EF0-AF3C-6A7EE82B7139}.Release|x64.Build.0 = Release|Any CPU
		{2BE6DBAF-683B-4EF0-AF3C-6A7EE82B7139}.Release|x86.ActiveCfg = Release|Any CPU
		{2BE6DBAF-683B-4EF0-AF3C-6A7EE82B7139}.Release|x86.Build.0 = Release|Any CPU
		{5EB1F125-CFAD-43A5-83C7-B387641FC93E}.Debug|Any CPU.ActiveCfg = Debug|Any CPU
		{5EB1F125-CFAD-43A5-83C7-B387641FC93E}.Debug|Any CPU.Build.0 = Debug|Any CPU
		{5EB1F125-CFAD-43A5-83C7-B387641FC93E}.Debug|x64.ActiveCfg = Debug|Any CPU
		{5EB1F125-CFAD-43A5-83C7-B387641FC93E}.Debug|x64.Build.0 = Debug|Any CPU
		{5EB1F125-CFAD-43A5-83C7-B387641FC93E}.Debug|x86.ActiveCfg = Debug|Any CPU
		{5EB1F125-CFAD-43A5-83C7-B387641FC93E}.Debug|x86.Build.0 = Debug|Any CPU
		{5EB1F125-CFAD-43A5-83C7-B387641FC93E}.Release|Any CPU.ActiveCfg = Release|Any CPU
		{5EB1F125-CFAD-43A5-83C7-B387641FC93E}.Release|Any CPU.Build.0 = Release|Any CPU
		{5EB1F125-CFAD-43A5-83C7-B387641FC93E}.Release|x64.ActiveCfg = Release|Any CPU
		{5EB1F125-CFAD-43A5-83C7-B387641FC93E}.Release|x64.Build.0 = Release|Any CPU
		{5EB1F125-CFAD-43A5-83C7-B387641FC93E}.Release|x86.ActiveCfg = Release|Any CPU
		{5EB1F125-CFAD-43A5-83C7-B387641FC93E}.Release|x86.Build.0 = Release|Any CPU
		{4EFA365B-DA25-48FE-8F11-F91646EEFEB0}.Debug|Any CPU.ActiveCfg = Debug|Any CPU
		{4EFA365B-DA25-48FE-8F11-F91646EEFEB0}.Debug|Any CPU.Build.0 = Debug|Any CPU
		{4EFA365B-DA25-48FE-8F11-F91646EEFEB0}.Debug|x64.ActiveCfg = Debug|Any CPU
		{4EFA365B-DA25-48FE-8F11-F91646EEFEB0}.Debug|x64.Build.0 = Debug|Any CPU
		{4EFA365B-DA25-48FE-8F11-F91646EEFEB0}.Debug|x86.ActiveCfg = Debug|Any CPU
		{4EFA365B-DA25-48FE-8F11-F91646EEFEB0}.Debug|x86.Build.0 = Debug|Any CPU
		{4EFA365B-DA25-48FE-8F11-F91646EEFEB0}.Release|Any CPU.ActiveCfg = Release|Any CPU
		{4EFA365B-DA25-48FE-8F11-F91646EEFEB0}.Release|Any CPU.Build.0 = Release|Any CPU
		{4EFA365B-DA25-48FE-8F11-F91646EEFEB0}.Release|x64.ActiveCfg = Release|Any CPU
		{4EFA365B-DA25-48FE-8F11-F91646EEFEB0}.Release|x64.Build.0 = Release|Any CPU
		{4EFA365B-DA25-48FE-8F11-F91646EEFEB0}.Release|x86.ActiveCfg = Release|Any CPU
		{4EFA365B-DA25-48FE-8F11-F91646EEFEB0}.Release|x86.Build.0 = Release|Any CPU
		{1413F11B-14A0-4AFB-84E6-236A6837B8D0}.Debug|Any CPU.ActiveCfg = Debug|Any CPU
		{1413F11B-14A0-4AFB-84E6-236A6837B8D0}.Debug|Any CPU.Build.0 = Debug|Any CPU
		{1413F11B-14A0-4AFB-84E6-236A6837B8D0}.Debug|x64.ActiveCfg = Debug|Any CPU
		{1413F11B-14A0-4AFB-84E6-236A6837B8D0}.Debug|x64.Build.0 = Debug|Any CPU
		{1413F11B-14A0-4AFB-84E6-236A6837B8D0}.Debug|x86.ActiveCfg = Debug|Any CPU
		{1413F11B-14A0-4AFB-84E6-236A6837B8D0}.Debug|x86.Build.0 = Debug|Any CPU
		{1413F11B-14A0-4AFB-84E6-236A6837B8D0}.Release|Any CPU.ActiveCfg = Release|Any CPU
		{1413F11B-14A0-4AFB-84E6-236A6837B8D0}.Release|Any CPU.Build.0 = Release|Any CPU
		{1413F11B-14A0-4AFB-84E6-236A6837B8D0}.Release|x64.ActiveCfg = Release|Any CPU
		{1413F11B-14A0-4AFB-84E6-236A6837B8D0}.Release|x64.Build.0 = Release|Any CPU
		{1413F11B-14A0-4AFB-84E6-236A6837B8D0}.Release|x86.ActiveCfg = Release|Any CPU
		{1413F11B-14A0-4AFB-84E6-236A6837B8D0}.Release|x86.Build.0 = Release|Any CPU
		{16F8AF4F-6C28-46E7-9572-8A99CEB6A7B6}.Debug|Any CPU.ActiveCfg = Debug|Any CPU
		{16F8AF4F-6C28-46E7-9572-8A99CEB6A7B6}.Debug|Any CPU.Build.0 = Debug|Any CPU
		{16F8AF4F-6C28-46E7-9572-8A99CEB6A7B6}.Debug|x64.ActiveCfg = Debug|Any CPU
		{16F8AF4F-6C28-46E7-9572-8A99CEB6A7B6}.Debug|x64.Build.0 = Debug|Any CPU
		{16F8AF4F-6C28-46E7-9572-8A99CEB6A7B6}.Debug|x86.ActiveCfg = Debug|Any CPU
		{16F8AF4F-6C28-46E7-9572-8A99CEB6A7B6}.Debug|x86.Build.0 = Debug|Any CPU
		{16F8AF4F-6C28-46E7-9572-8A99CEB6A7B6}.Release|Any CPU.ActiveCfg = Release|Any CPU
		{16F8AF4F-6C28-46E7-9572-8A99CEB6A7B6}.Release|Any CPU.Build.0 = Release|Any CPU
		{16F8AF4F-6C28-46E7-9572-8A99CEB6A7B6}.Release|x64.ActiveCfg = Release|Any CPU
		{16F8AF4F-6C28-46E7-9572-8A99CEB6A7B6}.Release|x64.Build.0 = Release|Any CPU
		{16F8AF4F-6C28-46E7-9572-8A99CEB6A7B6}.Release|x86.ActiveCfg = Release|Any CPU
		{16F8AF4F-6C28-46E7-9572-8A99CEB6A7B6}.Release|x86.Build.0 = Release|Any CPU
		{508FB2FE-7F9E-417E-A13F-51B79F01A04D}.Debug|Any CPU.ActiveCfg = Debug|Any CPU
		{508FB2FE-7F9E-417E-A13F-51B79F01A04D}.Debug|Any CPU.Build.0 = Debug|Any CPU
		{508FB2FE-7F9E-417E-A13F-51B79F01A04D}.Debug|x64.ActiveCfg = Debug|Any CPU
		{508FB2FE-7F9E-417E-A13F-51B79F01A04D}.Debug|x64.Build.0 = Debug|Any CPU
		{508FB2FE-7F9E-417E-A13F-51B79F01A04D}.Debug|x86.ActiveCfg = Debug|Any CPU
		{508FB2FE-7F9E-417E-A13F-51B79F01A04D}.Debug|x86.Build.0 = Debug|Any CPU
		{508FB2FE-7F9E-417E-A13F-51B79F01A04D}.Release|Any CPU.ActiveCfg = Release|Any CPU
		{508FB2FE-7F9E-417E-A13F-51B79F01A04D}.Release|Any CPU.Build.0 = Release|Any CPU
		{508FB2FE-7F9E-417E-A13F-51B79F01A04D}.Release|x64.ActiveCfg = Release|Any CPU
		{508FB2FE-7F9E-417E-A13F-51B79F01A04D}.Release|x64.Build.0 = Release|Any CPU
		{508FB2FE-7F9E-417E-A13F-51B79F01A04D}.Release|x86.ActiveCfg = Release|Any CPU
		{508FB2FE-7F9E-417E-A13F-51B79F01A04D}.Release|x86.Build.0 = Release|Any CPU
		{7145E3A2-5063-4258-A1B0-9A522E5CD4F7}.Debug|Any CPU.ActiveCfg = Debug|Any CPU
		{7145E3A2-5063-4258-A1B0-9A522E5CD4F7}.Debug|Any CPU.Build.0 = Debug|Any CPU
		{7145E3A2-5063-4258-A1B0-9A522E5CD4F7}.Debug|x64.ActiveCfg = Debug|Any CPU
		{7145E3A2-5063-4258-A1B0-9A522E5CD4F7}.Debug|x64.Build.0 = Debug|Any CPU
		{7145E3A2-5063-4258-A1B0-9A522E5CD4F7}.Debug|x86.ActiveCfg = Debug|Any CPU
		{7145E3A2-5063-4258-A1B0-9A522E5CD4F7}.Debug|x86.Build.0 = Debug|Any CPU
		{7145E3A2-5063-4258-A1B0-9A522E5CD4F7}.Release|Any CPU.ActiveCfg = Release|Any CPU
		{7145E3A2-5063-4258-A1B0-9A522E5CD4F7}.Release|Any CPU.Build.0 = Release|Any CPU
		{7145E3A2-5063-4258-A1B0-9A522E5CD4F7}.Release|x64.ActiveCfg = Release|Any CPU
		{7145E3A2-5063-4258-A1B0-9A522E5CD4F7}.Release|x64.Build.0 = Release|Any CPU
		{7145E3A2-5063-4258-A1B0-9A522E5CD4F7}.Release|x86.ActiveCfg = Release|Any CPU
		{7145E3A2-5063-4258-A1B0-9A522E5CD4F7}.Release|x86.Build.0 = Release|Any CPU
		{2F2A113E-2257-44E6-BE12-84EEF7D7DA7B}.Debug|Any CPU.ActiveCfg = Debug|Any CPU
		{2F2A113E-2257-44E6-BE12-84EEF7D7DA7B}.Debug|Any CPU.Build.0 = Debug|Any CPU
		{2F2A113E-2257-44E6-BE12-84EEF7D7DA7B}.Debug|x64.ActiveCfg = Debug|Any CPU
		{2F2A113E-2257-44E6-BE12-84EEF7D7DA7B}.Debug|x64.Build.0 = Debug|Any CPU
		{2F2A113E-2257-44E6-BE12-84EEF7D7DA7B}.Debug|x86.ActiveCfg = Debug|Any CPU
		{2F2A113E-2257-44E6-BE12-84EEF7D7DA7B}.Debug|x86.Build.0 = Debug|Any CPU
		{2F2A113E-2257-44E6-BE12-84EEF7D7DA7B}.Release|Any CPU.ActiveCfg = Release|Any CPU
		{2F2A113E-2257-44E6-BE12-84EEF7D7DA7B}.Release|Any CPU.Build.0 = Release|Any CPU
		{2F2A113E-2257-44E6-BE12-84EEF7D7DA7B}.Release|x64.ActiveCfg = Release|Any CPU
		{2F2A113E-2257-44E6-BE12-84EEF7D7DA7B}.Release|x64.Build.0 = Release|Any CPU
		{2F2A113E-2257-44E6-BE12-84EEF7D7DA7B}.Release|x86.ActiveCfg = Release|Any CPU
		{2F2A113E-2257-44E6-BE12-84EEF7D7DA7B}.Release|x86.Build.0 = Release|Any CPU
		{0943982B-8A3B-44CD-85D6-D62B07C5812B}.Debug|Any CPU.ActiveCfg = Debug|Any CPU
		{0943982B-8A3B-44CD-85D6-D62B07C5812B}.Debug|Any CPU.Build.0 = Debug|Any CPU
		{0943982B-8A3B-44CD-85D6-D62B07C5812B}.Debug|x64.ActiveCfg = Debug|Any CPU
		{0943982B-8A3B-44CD-85D6-D62B07C5812B}.Debug|x64.Build.0 = Debug|Any CPU
		{0943982B-8A3B-44CD-85D6-D62B07C5812B}.Debug|x86.ActiveCfg = Debug|Any CPU
		{0943982B-8A3B-44CD-85D6-D62B07C5812B}.Debug|x86.Build.0 = Debug|Any CPU
		{0943982B-8A3B-44CD-85D6-D62B07C5812B}.Release|Any CPU.ActiveCfg = Release|Any CPU
		{0943982B-8A3B-44CD-85D6-D62B07C5812B}.Release|Any CPU.Build.0 = Release|Any CPU
		{0943982B-8A3B-44CD-85D6-D62B07C5812B}.Release|x64.ActiveCfg = Release|Any CPU
		{0943982B-8A3B-44CD-85D6-D62B07C5812B}.Release|x64.Build.0 = Release|Any CPU
		{0943982B-8A3B-44CD-85D6-D62B07C5812B}.Release|x86.ActiveCfg = Release|Any CPU
		{0943982B-8A3B-44CD-85D6-D62B07C5812B}.Release|x86.Build.0 = Release|Any CPU
		{297AEF6E-B152-4490-A9C7-E3B0A0495DC7}.Debug|Any CPU.ActiveCfg = Debug|Any CPU
		{297AEF6E-B152-4490-A9C7-E3B0A0495DC7}.Debug|Any CPU.Build.0 = Debug|Any CPU
		{297AEF6E-B152-4490-A9C7-E3B0A0495DC7}.Debug|x64.ActiveCfg = Debug|Any CPU
		{297AEF6E-B152-4490-A9C7-E3B0A0495DC7}.Debug|x64.Build.0 = Debug|Any CPU
		{297AEF6E-B152-4490-A9C7-E3B0A0495DC7}.Debug|x86.ActiveCfg = Debug|Any CPU
		{297AEF6E-B152-4490-A9C7-E3B0A0495DC7}.Debug|x86.Build.0 = Debug|Any CPU
		{297AEF6E-B152-4490-A9C7-E3B0A0495DC7}.Release|Any CPU.ActiveCfg = Release|Any CPU
		{297AEF6E-B152-4490-A9C7-E3B0A0495DC7}.Release|Any CPU.Build.0 = Release|Any CPU
		{297AEF6E-B152-4490-A9C7-E3B0A0495DC7}.Release|x64.ActiveCfg = Release|Any CPU
		{297AEF6E-B152-4490-A9C7-E3B0A0495DC7}.Release|x64.Build.0 = Release|Any CPU
		{297AEF6E-B152-4490-A9C7-E3B0A0495DC7}.Release|x86.ActiveCfg = Release|Any CPU
		{297AEF6E-B152-4490-A9C7-E3B0A0495DC7}.Release|x86.Build.0 = Release|Any CPU
		{BCD954F3-D0D7-4A97-96D4-05FAB22F1993}.Debug|Any CPU.ActiveCfg = Debug|Any CPU
		{BCD954F3-D0D7-4A97-96D4-05FAB22F1993}.Debug|Any CPU.Build.0 = Debug|Any CPU
		{BCD954F3-D0D7-4A97-96D4-05FAB22F1993}.Debug|x64.ActiveCfg = Debug|Any CPU
		{BCD954F3-D0D7-4A97-96D4-05FAB22F1993}.Debug|x64.Build.0 = Debug|Any CPU
		{BCD954F3-D0D7-4A97-96D4-05FAB22F1993}.Debug|x86.ActiveCfg = Debug|Any CPU
		{BCD954F3-D0D7-4A97-96D4-05FAB22F1993}.Debug|x86.Build.0 = Debug|Any CPU
		{BCD954F3-D0D7-4A97-96D4-05FAB22F1993}.Release|Any CPU.ActiveCfg = Release|Any CPU
		{BCD954F3-D0D7-4A97-96D4-05FAB22F1993}.Release|Any CPU.Build.0 = Release|Any CPU
		{BCD954F3-D0D7-4A97-96D4-05FAB22F1993}.Release|x64.ActiveCfg = Release|Any CPU
		{BCD954F3-D0D7-4A97-96D4-05FAB22F1993}.Release|x64.Build.0 = Release|Any CPU
		{BCD954F3-D0D7-4A97-96D4-05FAB22F1993}.Release|x86.ActiveCfg = Release|Any CPU
		{BCD954F3-D0D7-4A97-96D4-05FAB22F1993}.Release|x86.Build.0 = Release|Any CPU
		{3EA7BFC4-8C42-499F-9044-56806A742BFB}.Debug|Any CPU.ActiveCfg = Debug|Any CPU
		{3EA7BFC4-8C42-499F-9044-56806A742BFB}.Debug|Any CPU.Build.0 = Debug|Any CPU
		{3EA7BFC4-8C42-499F-9044-56806A742BFB}.Debug|x64.ActiveCfg = Debug|Any CPU
		{3EA7BFC4-8C42-499F-9044-56806A742BFB}.Debug|x64.Build.0 = Debug|Any CPU
		{3EA7BFC4-8C42-499F-9044-56806A742BFB}.Debug|x86.ActiveCfg = Debug|Any CPU
		{3EA7BFC4-8C42-499F-9044-56806A742BFB}.Debug|x86.Build.0 = Debug|Any CPU
		{3EA7BFC4-8C42-499F-9044-56806A742BFB}.Release|Any CPU.ActiveCfg = Release|Any CPU
		{3EA7BFC4-8C42-499F-9044-56806A742BFB}.Release|Any CPU.Build.0 = Release|Any CPU
		{3EA7BFC4-8C42-499F-9044-56806A742BFB}.Release|x64.ActiveCfg = Release|Any CPU
		{3EA7BFC4-8C42-499F-9044-56806A742BFB}.Release|x64.Build.0 = Release|Any CPU
		{3EA7BFC4-8C42-499F-9044-56806A742BFB}.Release|x86.ActiveCfg = Release|Any CPU
		{3EA7BFC4-8C42-499F-9044-56806A742BFB}.Release|x86.Build.0 = Release|Any CPU
		{C701AB94-E0E3-4D09-81EA-3B8201C7851F}.Debug|Any CPU.ActiveCfg = Debug|Any CPU
		{C701AB94-E0E3-4D09-81EA-3B8201C7851F}.Debug|Any CPU.Build.0 = Debug|Any CPU
		{C701AB94-E0E3-4D09-81EA-3B8201C7851F}.Debug|x64.ActiveCfg = Debug|Any CPU
		{C701AB94-E0E3-4D09-81EA-3B8201C7851F}.Debug|x64.Build.0 = Debug|Any CPU
		{C701AB94-E0E3-4D09-81EA-3B8201C7851F}.Debug|x86.ActiveCfg = Debug|Any CPU
		{C701AB94-E0E3-4D09-81EA-3B8201C7851F}.Debug|x86.Build.0 = Debug|Any CPU
		{C701AB94-E0E3-4D09-81EA-3B8201C7851F}.Release|Any CPU.ActiveCfg = Release|Any CPU
		{C701AB94-E0E3-4D09-81EA-3B8201C7851F}.Release|Any CPU.Build.0 = Release|Any CPU
		{C701AB94-E0E3-4D09-81EA-3B8201C7851F}.Release|x64.ActiveCfg = Release|Any CPU
		{C701AB94-E0E3-4D09-81EA-3B8201C7851F}.Release|x64.Build.0 = Release|Any CPU
		{C701AB94-E0E3-4D09-81EA-3B8201C7851F}.Release|x86.ActiveCfg = Release|Any CPU
		{C701AB94-E0E3-4D09-81EA-3B8201C7851F}.Release|x86.Build.0 = Release|Any CPU
		{1245D78F-7EF0-46CF-8A64-036E3D37F5DA}.Debug|Any CPU.ActiveCfg = Debug|Any CPU
		{1245D78F-7EF0-46CF-8A64-036E3D37F5DA}.Debug|Any CPU.Build.0 = Debug|Any CPU
		{1245D78F-7EF0-46CF-8A64-036E3D37F5DA}.Debug|x64.ActiveCfg = Debug|Any CPU
		{1245D78F-7EF0-46CF-8A64-036E3D37F5DA}.Debug|x64.Build.0 = Debug|Any CPU
		{1245D78F-7EF0-46CF-8A64-036E3D37F5DA}.Debug|x86.ActiveCfg = Debug|Any CPU
		{1245D78F-7EF0-46CF-8A64-036E3D37F5DA}.Debug|x86.Build.0 = Debug|Any CPU
		{1245D78F-7EF0-46CF-8A64-036E3D37F5DA}.Release|Any CPU.ActiveCfg = Release|Any CPU
		{1245D78F-7EF0-46CF-8A64-036E3D37F5DA}.Release|Any CPU.Build.0 = Release|Any CPU
		{1245D78F-7EF0-46CF-8A64-036E3D37F5DA}.Release|x64.ActiveCfg = Release|Any CPU
		{1245D78F-7EF0-46CF-8A64-036E3D37F5DA}.Release|x64.Build.0 = Release|Any CPU
		{1245D78F-7EF0-46CF-8A64-036E3D37F5DA}.Release|x86.ActiveCfg = Release|Any CPU
		{1245D78F-7EF0-46CF-8A64-036E3D37F5DA}.Release|x86.Build.0 = Release|Any CPU
		{1AF8B00E-EC63-4532-940C-9A7C2E4456F1}.Debug|Any CPU.ActiveCfg = Debug|Any CPU
		{1AF8B00E-EC63-4532-940C-9A7C2E4456F1}.Debug|Any CPU.Build.0 = Debug|Any CPU
		{1AF8B00E-EC63-4532-940C-9A7C2E4456F1}.Debug|x64.ActiveCfg = Debug|Any CPU
		{1AF8B00E-EC63-4532-940C-9A7C2E4456F1}.Debug|x64.Build.0 = Debug|Any CPU
		{1AF8B00E-EC63-4532-940C-9A7C2E4456F1}.Debug|x86.ActiveCfg = Debug|Any CPU
		{1AF8B00E-EC63-4532-940C-9A7C2E4456F1}.Debug|x86.Build.0 = Debug|Any CPU
		{1AF8B00E-EC63-4532-940C-9A7C2E4456F1}.Release|Any CPU.ActiveCfg = Release|Any CPU
		{1AF8B00E-EC63-4532-940C-9A7C2E4456F1}.Release|Any CPU.Build.0 = Release|Any CPU
		{1AF8B00E-EC63-4532-940C-9A7C2E4456F1}.Release|x64.ActiveCfg = Release|Any CPU
		{1AF8B00E-EC63-4532-940C-9A7C2E4456F1}.Release|x64.Build.0 = Release|Any CPU
		{1AF8B00E-EC63-4532-940C-9A7C2E4456F1}.Release|x86.ActiveCfg = Release|Any CPU
		{1AF8B00E-EC63-4532-940C-9A7C2E4456F1}.Release|x86.Build.0 = Release|Any CPU
		{1711AC45-59A2-4250-A6B3-94A3D23157EB}.Debug|Any CPU.ActiveCfg = Debug|Any CPU
		{1711AC45-59A2-4250-A6B3-94A3D23157EB}.Debug|Any CPU.Build.0 = Debug|Any CPU
		{1711AC45-59A2-4250-A6B3-94A3D23157EB}.Debug|x64.ActiveCfg = Debug|Any CPU
		{1711AC45-59A2-4250-A6B3-94A3D23157EB}.Debug|x64.Build.0 = Debug|Any CPU
		{1711AC45-59A2-4250-A6B3-94A3D23157EB}.Debug|x86.ActiveCfg = Debug|Any CPU
		{1711AC45-59A2-4250-A6B3-94A3D23157EB}.Debug|x86.Build.0 = Debug|Any CPU
		{1711AC45-59A2-4250-A6B3-94A3D23157EB}.Release|Any CPU.ActiveCfg = Release|Any CPU
		{1711AC45-59A2-4250-A6B3-94A3D23157EB}.Release|Any CPU.Build.0 = Release|Any CPU
		{1711AC45-59A2-4250-A6B3-94A3D23157EB}.Release|x64.ActiveCfg = Release|Any CPU
		{1711AC45-59A2-4250-A6B3-94A3D23157EB}.Release|x64.Build.0 = Release|Any CPU
		{1711AC45-59A2-4250-A6B3-94A3D23157EB}.Release|x86.ActiveCfg = Release|Any CPU
		{1711AC45-59A2-4250-A6B3-94A3D23157EB}.Release|x86.Build.0 = Release|Any CPU
		{28BF9E5C-B0D4-47BC-A505-5D1B6F1FE2CA}.Debug|Any CPU.ActiveCfg = Debug|Any CPU
		{28BF9E5C-B0D4-47BC-A505-5D1B6F1FE2CA}.Debug|Any CPU.Build.0 = Debug|Any CPU
		{28BF9E5C-B0D4-47BC-A505-5D1B6F1FE2CA}.Debug|x64.ActiveCfg = Debug|Any CPU
		{28BF9E5C-B0D4-47BC-A505-5D1B6F1FE2CA}.Debug|x64.Build.0 = Debug|Any CPU
		{28BF9E5C-B0D4-47BC-A505-5D1B6F1FE2CA}.Debug|x86.ActiveCfg = Debug|Any CPU
		{28BF9E5C-B0D4-47BC-A505-5D1B6F1FE2CA}.Debug|x86.Build.0 = Debug|Any CPU
		{28BF9E5C-B0D4-47BC-A505-5D1B6F1FE2CA}.Release|Any CPU.ActiveCfg = Release|Any CPU
		{28BF9E5C-B0D4-47BC-A505-5D1B6F1FE2CA}.Release|Any CPU.Build.0 = Release|Any CPU
		{28BF9E5C-B0D4-47BC-A505-5D1B6F1FE2CA}.Release|x64.ActiveCfg = Release|Any CPU
		{28BF9E5C-B0D4-47BC-A505-5D1B6F1FE2CA}.Release|x64.Build.0 = Release|Any CPU
		{28BF9E5C-B0D4-47BC-A505-5D1B6F1FE2CA}.Release|x86.ActiveCfg = Release|Any CPU
		{28BF9E5C-B0D4-47BC-A505-5D1B6F1FE2CA}.Release|x86.Build.0 = Release|Any CPU
		{F1C4B4F9-A769-4439-8939-200EF51B9D4D}.Debug|Any CPU.ActiveCfg = Debug|Any CPU
		{F1C4B4F9-A769-4439-8939-200EF51B9D4D}.Debug|Any CPU.Build.0 = Debug|Any CPU
		{F1C4B4F9-A769-4439-8939-200EF51B9D4D}.Debug|x64.ActiveCfg = Debug|Any CPU
		{F1C4B4F9-A769-4439-8939-200EF51B9D4D}.Debug|x64.Build.0 = Debug|Any CPU
		{F1C4B4F9-A769-4439-8939-200EF51B9D4D}.Debug|x86.ActiveCfg = Debug|Any CPU
		{F1C4B4F9-A769-4439-8939-200EF51B9D4D}.Debug|x86.Build.0 = Debug|Any CPU
		{F1C4B4F9-A769-4439-8939-200EF51B9D4D}.Release|Any CPU.ActiveCfg = Release|Any CPU
		{F1C4B4F9-A769-4439-8939-200EF51B9D4D}.Release|Any CPU.Build.0 = Release|Any CPU
		{F1C4B4F9-A769-4439-8939-200EF51B9D4D}.Release|x64.ActiveCfg = Release|Any CPU
		{F1C4B4F9-A769-4439-8939-200EF51B9D4D}.Release|x64.Build.0 = Release|Any CPU
		{F1C4B4F9-A769-4439-8939-200EF51B9D4D}.Release|x86.ActiveCfg = Release|Any CPU
		{F1C4B4F9-A769-4439-8939-200EF51B9D4D}.Release|x86.Build.0 = Release|Any CPU
		{08E91B44-FC7F-4B21-8ACE-C64AE40A3728}.Debug|Any CPU.ActiveCfg = Debug|Any CPU
		{08E91B44-FC7F-4B21-8ACE-C64AE40A3728}.Debug|Any CPU.Build.0 = Debug|Any CPU
		{08E91B44-FC7F-4B21-8ACE-C64AE40A3728}.Debug|x64.ActiveCfg = Debug|Any CPU
		{08E91B44-FC7F-4B21-8ACE-C64AE40A3728}.Debug|x64.Build.0 = Debug|Any CPU
		{08E91B44-FC7F-4B21-8ACE-C64AE40A3728}.Debug|x86.ActiveCfg = Debug|Any CPU
		{08E91B44-FC7F-4B21-8ACE-C64AE40A3728}.Debug|x86.Build.0 = Debug|Any CPU
		{08E91B44-FC7F-4B21-8ACE-C64AE40A3728}.Release|Any CPU.ActiveCfg = Release|Any CPU
		{08E91B44-FC7F-4B21-8ACE-C64AE40A3728}.Release|Any CPU.Build.0 = Release|Any CPU
		{08E91B44-FC7F-4B21-8ACE-C64AE40A3728}.Release|x64.ActiveCfg = Release|Any CPU
		{08E91B44-FC7F-4B21-8ACE-C64AE40A3728}.Release|x64.Build.0 = Release|Any CPU
		{08E91B44-FC7F-4B21-8ACE-C64AE40A3728}.Release|x86.ActiveCfg = Release|Any CPU
		{08E91B44-FC7F-4B21-8ACE-C64AE40A3728}.Release|x86.Build.0 = Release|Any CPU
		{CE2312DA-CC4F-4B95-9450-1C5DE956D844}.Debug|Any CPU.ActiveCfg = Debug|Any CPU
		{CE2312DA-CC4F-4B95-9450-1C5DE956D844}.Debug|Any CPU.Build.0 = Debug|Any CPU
		{CE2312DA-CC4F-4B95-9450-1C5DE956D844}.Debug|x64.ActiveCfg = Debug|Any CPU
		{CE2312DA-CC4F-4B95-9450-1C5DE956D844}.Debug|x64.Build.0 = Debug|Any CPU
		{CE2312DA-CC4F-4B95-9450-1C5DE956D844}.Debug|x86.ActiveCfg = Debug|Any CPU
		{CE2312DA-CC4F-4B95-9450-1C5DE956D844}.Debug|x86.Build.0 = Debug|Any CPU
		{CE2312DA-CC4F-4B95-9450-1C5DE956D844}.Release|Any CPU.ActiveCfg = Release|Any CPU
		{CE2312DA-CC4F-4B95-9450-1C5DE956D844}.Release|Any CPU.Build.0 = Release|Any CPU
		{CE2312DA-CC4F-4B95-9450-1C5DE956D844}.Release|x64.ActiveCfg = Release|Any CPU
		{CE2312DA-CC4F-4B95-9450-1C5DE956D844}.Release|x64.Build.0 = Release|Any CPU
		{CE2312DA-CC4F-4B95-9450-1C5DE956D844}.Release|x86.ActiveCfg = Release|Any CPU
		{CE2312DA-CC4F-4B95-9450-1C5DE956D844}.Release|x86.Build.0 = Release|Any CPU
	EndGlobalSection
	GlobalSection(SolutionProperties) = preSolution
		HideSolutionNode = FALSE
	EndGlobalSection
	GlobalSection(NestedProjects) = preSolution
		{420254B7-E90C-414F-A0B0-A916F667F1CA} = {2852990D-EA7B-4C60-91C9-A18086778975}
		{14A79EE3-FEF0-4EC0-8233-DC62D6C46427} = {2852990D-EA7B-4C60-91C9-A18086778975}
		{C96A2824-A13C-4CF5-A337-9D872E397C74} = {2852990D-EA7B-4C60-91C9-A18086778975}
		{D600B82D-A170-4066-9075-04DE2DA006FF} = {2852990D-EA7B-4C60-91C9-A18086778975}
		{0133BC83-DA4B-4CF0-BD8D-A99196C9C3EE} = {2852990D-EA7B-4C60-91C9-A18086778975}
		{645F2941-E99F-4AF2-968C-E3D8E0A88C56} = {0133BC83-DA4B-4CF0-BD8D-A99196C9C3EE}
		{2EB86DD5-3414-459D-9DFC-935B6BACC65C} = {0133BC83-DA4B-4CF0-BD8D-A99196C9C3EE}
		{8463AB5C-C4CD-41B6-B13E-3C0A8750DDBA} = {2852990D-EA7B-4C60-91C9-A18086778975}
		{0ACC3D85-810A-47D2-9DDD-8E3494A6F066} = {2852990D-EA7B-4C60-91C9-A18086778975}
		{2BE6DBAF-683B-4EF0-AF3C-6A7EE82B7139} = {98FCD5FA-E98C-48F3-B53A-DF35017FD9F8}
		{5EB1F125-CFAD-43A5-83C7-B387641FC93E} = {98FCD5FA-E98C-48F3-B53A-DF35017FD9F8}
		{4EFA365B-DA25-48FE-8F11-F91646EEFEB0} = {98FCD5FA-E98C-48F3-B53A-DF35017FD9F8}
		{1413F11B-14A0-4AFB-84E6-236A6837B8D0} = {2852990D-EA7B-4C60-91C9-A18086778975}
		{16F8AF4F-6C28-46E7-9572-8A99CEB6A7B6} = {98FCD5FA-E98C-48F3-B53A-DF35017FD9F8}
		{297AEF6E-B152-4490-A9C7-E3B0A0495DC7} = {98FCD5FA-E98C-48F3-B53A-DF35017FD9F8}
		{3EA7BFC4-8C42-499F-9044-56806A742BFB} = {98FCD5FA-E98C-48F3-B53A-DF35017FD9F8}
		{1AF8B00E-EC63-4532-940C-9A7C2E4456F1} = {98FCD5FA-E98C-48F3-B53A-DF35017FD9F8}
		{1711AC45-59A2-4250-A6B3-94A3D23157EB} = {98FCD5FA-E98C-48F3-B53A-DF35017FD9F8}
		{28BF9E5C-B0D4-47BC-A505-5D1B6F1FE2CA} = {2852990D-EA7B-4C60-91C9-A18086778975}
		{F98A5946-D2F6-4F6C-AA24-E8CD6DC01E62} = {98FCD5FA-E98C-48F3-B53A-DF35017FD9F8}
		{F1C4B4F9-A769-4439-8939-200EF51B9D4D} = {F98A5946-D2F6-4F6C-AA24-E8CD6DC01E62}
		{08E91B44-FC7F-4B21-8ACE-C64AE40A3728} = {F98A5946-D2F6-4F6C-AA24-E8CD6DC01E62}
	EndGlobalSection
	GlobalSection(ExtensibilityGlobals) = postSolution
		SolutionGuid = {C7E6A0CC-E197-4DF5-BD06-080DFD82DB81}
	EndGlobalSection
EndGlobal
